
Microsoft Visual Studio Solution File, Format Version 12.00
# Visual Studio Version 17
VisualStudioVersion = 17.3.32922.545
MinimumVisualStudioVersion = 10.0.40219.1
Project("{FAE04EC0-301F-11D3-BF4B-00C04F79EFBC}") = "StateMgtDemo", "StateMgtDemo\StateMgtDemo.csproj", "{2B06F847-89AE-4BB2-9805-AFBAFA0BCD99}"
EndProject
Global
	GlobalSection(SolutionConfigurationPlatforms) = preSolution
		Debug|Any CPU = Debug|Any CPU
		Release|Any CPU = Release|Any CPU
	EndGlobalSection
	GlobalSection(ProjectConfigurationPlatforms) = postSolution
		{2B06F847-89AE-4BB2-9805-AFBAFA0BCD99}.Debug|Any CPU.ActiveCfg = Debug|Any CPU
		{2B06F847-89AE-4BB2-9805-AFBAFA0BCD99}.Debug|Any CPU.Build.0 = Debug|Any CPU
		{2B06F847-89AE-4BB2-9805-AFBAFA0BCD99}.Release|Any CPU.ActiveCfg = Release|Any CPU
		{2B06F847-89AE-4BB2-9805-AFBAFA0BCD99}.Release|Any CPU.Build.0 = Release|Any CPU
	EndGlobalSection
	GlobalSection(SolutionProperties) = preSolution
		HideSolutionNode = FALSE
	EndGlobalSection
	GlobalSection(ExtensibilityGlobals) = postSolution
		SolutionGuid = {3DC04238-6C57-406A-827B-8F7CC2409E7E}
	EndGlobalSection
EndGlobal
