
Microsoft Visual Studio Solution File, Format Version 12.00
# Visual Studio Version 17
VisualStudioVersion = 17.3.32922.545
MinimumVisualStudioVersion = 10.0.40219.1
Project("{FAE04EC0-301F-11D3-BF4B-00C04F79EFBC}") = "ViewModelDemo", "ViewModelDemo\ViewModelDemo.csproj", "{620CBD89-2562-48CA-AFF5-498F0144542D}"
EndProject
Global
	GlobalSection(SolutionConfigurationPlatforms) = preSolution
		Debug|Any CPU = Debug|Any CPU
		Release|Any CPU = Release|Any CPU
	EndGlobalSection
	GlobalSection(ProjectConfigurationPlatforms) = postSolution
		{620CBD89-2562-48CA-AFF5-498F0144542D}.Debug|Any CPU.ActiveCfg = Debug|Any CPU
		{620CBD89-2562-48CA-AFF5-498F0144542D}.Debug|Any CPU.Build.0 = Debug|Any CPU
		{620CBD89-2562-48CA-AFF5-498F0144542D}.Release|Any CPU.ActiveCfg = Release|Any CPU
		{620CBD89-2562-48CA-AFF5-498F0144542D}.Release|Any CPU.Build.0 = Release|Any CPU
	EndGlobalSection
	GlobalSection(SolutionProperties) = preSolution
		HideSolutionNode = FALSE
	EndGlobalSection
	GlobalSection(ExtensibilityGlobals) = postSolution
		SolutionGuid = {163B869F-74F3-445B-B6E3-F664F59B105C}
	EndGlobalSection
EndGlobal
